<?xml version="1.0" encoding="utf-8"?>
<Project ToolsVersion="4.0" xmlns="http://schemas.microsoft.com/developer/msbuild/2003">
  <ItemGroup>
    <Filter Include="Исходные файлы">
      <UniqueIdentifier>{4FC737F1-C7A5-4376-A066-2A32D752A2FF}</UniqueIdentifier>
      <Extensions>cpp;c;cc;cxx;c++;cppm;ixx;def;odl;idl;hpj;bat;asm;asmx</Extensions>
    </Filter>
    <Filter Include="Файлы заголовков">
      <UniqueIdentifier>{93995380-89BD-4b04-88EB-625FBE52EBFB}</UniqueIdentifier>
      <Extensions>h;hh;hpp;hxx;h++;hm;inl;inc;ipp;xsd</Extensions>
    </Filter>
    <Filter Include="Файлы ресурсов">
      <UniqueIdentifier>{67DA6AB6-F800-4c08-8B7A-83BB121AAD01}</UniqueIdentifier>
      <Extensions>rc;ico;cur;bmp;dlg;rc2;rct;bin;rgs;gif;jpg;jpeg;jpe;resx;tiff;tif;png;wav;mfcribbon-ms</Extensions>
    </Filter>
    <Filter Include="Исходные файлы\Hack">
      <UniqueIdentifier>{d1debbb6-8350-4e27-86c0-e7ceb098ef81}</UniqueIdentifier>
    </Filter>
    <Filter Include="Исходные файлы\Main">
      <UniqueIdentifier>{97330bb8-8f5f-4d41-89df-013b6246777f}</UniqueIdentifier>
    </Filter>
    <Filter Include="Исходные файлы\config">
      <UniqueIdentifier>{c661a298-fa15-44d2-b1c3-0f577ced6cd0}</UniqueIdentifier>
    </Filter>
    <Filter Include="Исходные файлы\Vector">
      <UniqueIdentifier>{5c0d56b1-1253-4ecb-95c4-4499c354b251}</UniqueIdentifier>
    </Filter>
    <Filter Include="imgui">
      <UniqueIdentifier>{1a1e2405-620c-4319-a198-7835a27927af}</UniqueIdentifier>
    </Filter>
    <Filter Include="Исходные файлы\hook">
      <UniqueIdentifier>{ea43b88b-0074-444d-93bd-6da314abbcd5}</UniqueIdentifier>
    </Filter>
    <Filter Include="Исходные файлы\DXShit">
      <UniqueIdentifier>{fc24c281-7bb6-4f61-96a4-52b489eb3d4b}</UniqueIdentifier>
    </Filter>
    <Filter Include="imgui\dImGui">
      <UniqueIdentifier>{a20a3c64-a1d5-44ae-a58f-39f12b594be4}</UniqueIdentifier>
    </Filter>
    <Filter Include="Исходные файлы\Player">
      <UniqueIdentifier>{2a07984c-bf59-4ee7-82a8-6efc7c9fb88d}</UniqueIdentifier>
    </Filter>
    <Filter Include="Исходные файлы\Engine">
      <UniqueIdentifier>{43e0af1d-3595-4128-8081-c3b26367ba6a}</UniqueIdentifier>
    </Filter>
  </ItemGroup>
  <ItemGroup>
    <ClCompile Include="dllmain.cpp">
      <Filter>Исходные файлы</Filter>
    </ClCompile>
    <ClCompile Include="HackFunc.cpp">
      <Filter>Исходные файлы\Hack</Filter>
    </ClCompile>
    <ClCompile Include="BHOP.cpp">
      <Filter>Исходные файлы\Hack</Filter>
    </ClCompile>
    <ClCompile Include="NeonGlow.cpp">
      <Filter>Исходные файлы\Hack</Filter>
    </ClCompile>
    <ClCompile Include="TriggerBot.cpp">
      <Filter>Исходные файлы\Hack</Filter>
    </ClCompile>
    <ClCompile Include="AimBot.cpp">
      <Filter>Исходные файлы\Hack</Filter>
    </ClCompile>
    <ClCompile Include="RecoilControlSystem.cpp">
      <Filter>Исходные файлы\Hack</Filter>
    </ClCompile>
    <ClCompile Include="RadarHack.cpp">
      <Filter>Исходные файлы\Hack</Filter>
    </ClCompile>
    <ClCompile Include="NoFlash.cpp">
      <Filter>Исходные файлы\Hack</Filter>
    </ClCompile>
    <ClCompile Include="FovChanger.cpp">
      <Filter>Исходные файлы\Hack</Filter>
    </ClCompile>
    <ClCompile Include="DXESP.cpp">
      <Filter>Исходные файлы\Hack</Filter>
    </ClCompile>
    <ClCompile Include="DXFunc.cpp">
      <Filter>Исходные файлы\DXShit</Filter>
    </ClCompile>
    <ClCompile Include="SpinBot.cpp">
      <Filter>Исходные файлы\Hack</Filter>
    </ClCompile>
    <ClCompile Include="SkinChanger.cpp">
      <Filter>Исходные файлы\Hack</Filter>
    </ClCompile>
    <ClCompile Include="myhook.cpp">
      <Filter>Исходные файлы\Main</Filter>
    </ClCompile>
    <ClCompile Include="AimAssistance.cpp">
      <Filter>Исходные файлы\Hack</Filter>
    </ClCompile>
    <ClCompile Include="VarsDefinition.cpp">
      <Filter>Исходные файлы\config</Filter>
    </ClCompile>
    <ClCompile Include="DeviceFunc.cpp">
      <Filter>Исходные файлы\DXShit</Filter>
    </ClCompile>
    <ClCompile Include="dear_imgui\imgui.cpp">
      <Filter>imgui</Filter>
    </ClCompile>
    <ClCompile Include="dear_imgui\imgui_demo.cpp">
      <Filter>imgui</Filter>
    </ClCompile>
    <ClCompile Include="dear_imgui\imgui_draw.cpp">
      <Filter>imgui</Filter>
    </ClCompile>
    <ClCompile Include="dear_imgui\imgui_impl_dx9.cpp">
      <Filter>imgui</Filter>
    </ClCompile>
    <ClCompile Include="dear_imgui\imgui_impl_win32.cpp">
      <Filter>imgui</Filter>
    </ClCompile>
    <ClCompile Include="dear_imgui\imgui_widgets.cpp">
      <Filter>imgui</Filter>
    </ClCompile>
    <ClCompile Include="kiero\kiero.cpp">
      <Filter>Исходные файлы\hook</Filter>
    </ClCompile>
    <ClCompile Include="kiero\minhook\src\buffer.c">
      <Filter>Исходные файлы\hook</Filter>
    </ClCompile>
    <ClCompile Include="kiero\minhook\src\hook.c">
      <Filter>Исходные файлы\hook</Filter>
    </ClCompile>
    <ClCompile Include="kiero\minhook\src\trampoline.c">
      <Filter>Исходные файлы\hook</Filter>
    </ClCompile>
    <ClCompile Include="kiero\minhook\src\hde\hde32.c">
      <Filter>Исходные файлы\hook</Filter>
    </ClCompile>
    <ClCompile Include="kiero\minhook\src\hde\hde64.c">
      <Filter>Исходные файлы\hook</Filter>
    </ClCompile>
    <ClCompile Include="DearImGui.cpp">
      <Filter>imgui\dImGui</Filter>
    </ClCompile>
    <ClCompile Include="Engine.cpp">
      <Filter>Исходные файлы\Engine</Filter>
    </ClCompile>
  </ItemGroup>
  <ItemGroup>
    <ClInclude Include="config.hpp">
      <Filter>Исходные файлы\config</Filter>
    </ClInclude>
    <ClInclude Include="Vector.h">
      <Filter>Исходные файлы\Vector</Filter>
    </ClInclude>
    <ClInclude Include="constVars.hpp">
      <Filter>Исходные файлы\config</Filter>
    </ClInclude>
    <ClInclude Include="includes.h">
      <Filter>Файлы заголовков</Filter>
    </ClInclude>
    <ClInclude Include="weapons.h">
      <Filter>Исходные файлы\Main</Filter>
    </ClInclude>
    <ClInclude Include="VMT.h">
      <Filter>Исходные файлы\hook</Filter>
    </ClInclude>
    <ClInclude Include="offsets.h">
      <Filter>Файлы заголовков</Filter>
    </ClInclude>
    <ClInclude Include="kiero\minhook\src\buffer.h">
      <Filter>Исходные файлы\hook</Filter>
    </ClInclude>
    <ClInclude Include="kiero\minhook\src\trampoline.h">
      <Filter>Исходные файлы\hook</Filter>
    </ClInclude>
    <ClInclude Include="kiero\minhook\src\hde\hde32.h">
      <Filter>Исходные файлы\hook</Filter>
    </ClInclude>
    <ClInclude Include="kiero\minhook\src\hde\hde64.h">
      <Filter>Исходные файлы\hook</Filter>
    </ClInclude>
    <ClInclude Include="kiero\minhook\src\hde\pstdint.h">
      <Filter>Исходные файлы\hook</Filter>
    </ClInclude>
    <ClInclude Include="kiero\minhook\src\hde\table32.h">
      <Filter>Исходные файлы\hook</Filter>
    </ClInclude>
    <ClInclude Include="kiero\minhook\src\hde\table64.h">
      <Filter>Исходные файлы\hook</Filter>
    </ClInclude>
    <ClInclude Include="DearImGui.h">
      <Filter>imgui\dImGui</Filter>
    </ClInclude>
    <ClInclude Include="Player.hpp">
      <Filter>Исходные файлы\Player</Filter>
    </ClInclude>
    <ClInclude Include="Client.h">
      <Filter>Исходные файлы\Main</Filter>
    </ClInclude>
    <ClInclude Include="Engine.h">
      <Filter>Исходные файлы\Engine</Filter>
    </ClInclude>
    <ClInclude Include="Hack.h">
      <Filter>Исходные файлы\Main</Filter>
    </ClInclude>
    <ClInclude Include="myDevice.h">
      <Filter>Исходные файлы\Engine</Filter>
    </ClInclude>
  </ItemGroup>
  <ItemGroup>
    <None Include="dumper.py">
      <Filter>Исходные файлы</Filter>
    </None>
  </ItemGroup>
</Project>